
Microsoft Visual Studio Solution File, Format Version 12.00
# Visual Studio Version 17
VisualStudioVersion = 17.1.32210.238
MinimumVisualStudioVersion = 10.0.40219.1
Project("{FAE04EC0-301F-11D3-BF4B-00C04F79EFBC}") = "MojaPrvaWindowsAplikacija", "MojaPrvaWindowsAplikacija\MojaPrvaWindowsAplikacija.csproj", "{4A76B0FC-C8F2-4F1C-9A31-0CEAE7A21693}"
EndProject
Global
	GlobalSection(SolutionConfigurationPlatforms) = preSolution
		Debug|Any CPU = Debug|Any CPU
		Release|Any CPU = Release|Any CPU
	EndGlobalSection
	GlobalSection(ProjectConfigurationPlatforms) = postSolution
		{4A76B0FC-C8F2-4F1C-9A31-0CEAE7A21693}.Debug|Any CPU.ActiveCfg = Debug|Any CPU
		{4A76B0FC-C8F2-4F1C-9A31-0CEAE7A21693}.Debug|Any CPU.Build.0 = Debug|Any CPU
		{4A76B0FC-C8F2-4F1C-9A31-0CEAE7A21693}.Release|Any CPU.ActiveCfg = Release|Any CPU
		{4A76B0FC-C8F2-4F1C-9A31-0CEAE7A21693}.Release|Any CPU.Build.0 = Release|Any CPU
	EndGlobalSection
	GlobalSection(SolutionProperties) = preSolution
		HideSolutionNode = FALSE
	EndGlobalSection
	GlobalSection(ExtensibilityGlobals) = postSolution
		SolutionGuid = {00423FDF-E699-4EC3-8472-DA8A7F231AD8}
	EndGlobalSection
EndGlobal
